// !$*UTF8*$!
{
	archiveVersion = 1;
	classes = {
	};
	objectVersion = 55;
	objects = {

/* Begin PBXBuildFile section */
		7443B36F28467A22008DCFFE /* NalssiForecasterApp.swift in Sources */ = {isa = PBXBuildFile; fileRef = 7443B36E28467A22008DCFFE /* NalssiForecasterApp.swift */; };
		7443B37128467A22008DCFFE /* ContentView.swift in Sources */ = {isa = PBXBuildFile; fileRef = 7443B37028467A22008DCFFE /* ContentView.swift */; };
		7443B37328467A24008DCFFE /* Assets.xcassets in Resources */ = {isa = PBXBuildFile; fileRef = 7443B37228467A24008DCFFE /* Assets.xcassets */; };
		7443B37628467A24008DCFFE /* Preview Assets.xcassets in Resources */ = {isa = PBXBuildFile; fileRef = 7443B37528467A24008DCFFE /* Preview Assets.xcassets */; };
		7443B380284691E6008DCFFE /* Weather.swift in Sources */ = {isa = PBXBuildFile; fileRef = 7443B37F284691E6008DCFFE /* Weather.swift */; };
		7443B382284691F4008DCFFE /* WeatherViewModel.swift in Sources */ = {isa = PBXBuildFile; fileRef = 7443B381284691F4008DCFFE /* WeatherViewModel.swift */; };
		7443B385284693CC008DCFFE /* Constants.swift in Sources */ = {isa = PBXBuildFile; fileRef = 7443B384284693CC008DCFFE /* Constants.swift */; };
		7443B388284695B0008DCFFE /* ColorExtension.swift in Sources */ = {isa = PBXBuildFile; fileRef = 7443B387284695B0008DCFFE /* ColorExtension.swift */; };
		7443B38B2846A13D008DCFFE /* TempTextModifier.swift in Sources */ = {isa = PBXBuildFile; fileRef = 7443B38A2846A13D008DCFFE /* TempTextModifier.swift */; };
		7443B38D2846A202008DCFFE /* TileModifier.swift in Sources */ = {isa = PBXBuildFile; fileRef = 7443B38C2846A202008DCFFE /* TileModifier.swift */; };
/* End PBXBuildFile section */

/* Begin PBXFileReference section */
		7443B36B28467A22008DCFFE /* NalssiForecaster.app */ = {isa = PBXFileReference; explicitFileType = wrapper.application; includeInIndex = 0; path = NalssiForecaster.app; sourceTree = BUILT_PRODUCTS_DIR; };
		7443B36E28467A22008DCFFE /* NalssiForecasterApp.swift */ = {isa = PBXFileReference; lastKnownFileType = sourcecode.swift; path = NalssiForecasterApp.swift; sourceTree = "<group>"; };
		7443B37028467A22008DCFFE /* ContentView.swift */ = {isa = PBXFileReference; lastKnownFileType = sourcecode.swift; path = ContentView.swift; sourceTree = "<group>"; };
		7443B37228467A24008DCFFE /* Assets.xcassets */ = {isa = PBXFileReference; lastKnownFileType = folder.assetcatalog; path = Assets.xcassets; sourceTree = "<group>"; };
		7443B37528467A24008DCFFE /* Preview Assets.xcassets */ = {isa = PBXFileReference; lastKnownFileType = folder.assetcatalog; path = "Preview Assets.xcassets"; sourceTree = "<group>"; };
		7443B37F284691E6008DCFFE /* Weather.swift */ = {isa = PBXFileReference; lastKnownFileType = sourcecode.swift; path = Weather.swift; sourceTree = "<group>"; };
		7443B381284691F4008DCFFE /* WeatherViewModel.swift */ = {isa = PBXFileReference; lastKnownFileType = sourcecode.swift; path = WeatherViewModel.swift; sourceTree = "<group>"; };
		7443B384284693CC008DCFFE /* Constants.swift */ = {isa = PBXFileReference; lastKnownFileType = sourcecode.swift; path = Constants.swift; sourceTree = "<group>"; };
		7443B387284695B0008DCFFE /* ColorExtension.swift */ = {isa = PBXFileReference; lastKnownFileType = sourcecode.swift; path = ColorExtension.swift; sourceTree = "<group>"; };
		7443B38A2846A13D008DCFFE /* TempTextModifier.swift */ = {isa = PBXFileReference; lastKnownFileType = sourcecode.swift; path = TempTextModifier.swift; sourceTree = "<group>"; };
		7443B38C2846A202008DCFFE /* TileModifier.swift */ = {isa = PBXFileReference; lastKnownFileType = sourcecode.swift; path = TileModifier.swift; sourceTree = "<group>"; };
/* End PBXFileReference section */

/* Begin PBXFrameworksBuildPhase section */
		7443B36828467A22008DCFFE /* Frameworks */ = {
			isa = PBXFrameworksBuildPhase;
			buildActionMask = 2147483647;
			files = (
			);
			runOnlyForDeploymentPostprocessing = 0;
		};
/* End PBXFrameworksBuildPhase section */

/* Begin PBXGroup section */
		7443B36228467A22008DCFFE = {
			isa = PBXGroup;
			children = (
				7443B36D28467A22008DCFFE /* NalssiForecaster */,
				7443B36C28467A22008DCFFE /* Products */,
			);
			sourceTree = "<group>";
		};
		7443B36C28467A22008DCFFE /* Products */ = {
			isa = PBXGroup;
			children = (
				7443B36B28467A22008DCFFE /* NalssiForecaster.app */,
			);
			name = Products;
			sourceTree = "<group>";
		};
		7443B36D28467A22008DCFFE /* NalssiForecaster */ = {
			isa = PBXGroup;
			children = (
				7443B36E28467A22008DCFFE /* NalssiForecasterApp.swift */,
				7443B386284695A0008DCFFE /* Colors */,
				7443B3892846A123008DCFFE /* Modifiers */,
				7443B383284693BB008DCFFE /* Components */,
				7443B37C28469193008DCFFE /* Model */,
				7443B37E284691AB008DCFFE /* ViewModel */,
				7443B37D284691A0008DCFFE /* Views */,
				7443B37228467A24008DCFFE /* Assets.xcassets */,
				7443B37428467A24008DCFFE /* Preview Content */,
			);
			path = NalssiForecaster;
			sourceTree = "<group>";
		};
		7443B37428467A24008DCFFE /* Preview Content */ = {
			isa = PBXGroup;
			children = (
				7443B37528467A24008DCFFE /* Preview Assets.xcassets */,
			);
			path = "Preview Content";
			sourceTree = "<group>";
		};
		7443B37C28469193008DCFFE /* Model */ = {
			isa = PBXGroup;
			children = (
				7443B37F284691E6008DCFFE /* Weather.swift */,
			);
			path = Model;
			sourceTree = "<group>";
		};
		7443B37D284691A0008DCFFE /* Views */ = {
			isa = PBXGroup;
			children = (
				7443B37028467A22008DCFFE /* ContentView.swift */,
			);
			path = Views;
			sourceTree = "<group>";
		};
		7443B37E284691AB008DCFFE /* ViewModel */ = {
			isa = PBXGroup;
			children = (
				7443B381284691F4008DCFFE /* WeatherViewModel.swift */,
			);
			path = ViewModel;
			sourceTree = "<group>";
		};
		7443B383284693BB008DCFFE /* Components */ = {
			isa = PBXGroup;
			children = (
				7443B384284693CC008DCFFE /* Constants.swift */,
			);
			path = Components;
			sourceTree = "<group>";
		};
		7443B386284695A0008DCFFE /* Colors */ = {
			isa = PBXGroup;
			children = (
				7443B387284695B0008DCFFE /* ColorExtension.swift */,
			);
			path = Colors;
			sourceTree = "<group>";
		};
		7443B3892846A123008DCFFE /* Modifiers */ = {
			isa = PBXGroup;
			children = (
				7443B38A2846A13D008DCFFE /* TempTextModifier.swift */,
				7443B38C2846A202008DCFFE /* TileModifier.swift */,
			);
			path = Modifiers;
			sourceTree = "<group>";
		};
/* End PBXGroup section */

/* Begin PBXNativeTarget section */
		7443B36A28467A22008DCFFE /* NalssiForecaster */ = {
			isa = PBXNativeTarget;
			buildConfigurationList = 7443B37928467A24008DCFFE /* Build configuration list for PBXNativeTarget "NalssiForecaster" */;
			buildPhases = (
				7443B36728467A22008DCFFE /* Sources */,
				7443B36828467A22008DCFFE /* Frameworks */,
				7443B36928467A22008DCFFE /* Resources */,
			);
			buildRules = (
			);
			dependencies = (
			);
			name = NalssiForecaster;
			productName = NalssiForecaster;
			productReference = 7443B36B28467A22008DCFFE /* NalssiForecaster.app */;
			productType = "com.apple.product-type.application";
		};
/* End PBXNativeTarget section */

/* Begin PBXProject section */
		7443B36328467A22008DCFFE /* Project object */ = {
			isa = PBXProject;
			attributes = {
				BuildIndependentTargetsInParallel = 1;
				LastSwiftUpdateCheck = 1340;
				LastUpgradeCheck = 1340;
				TargetAttributes = {
					7443B36A28467A22008DCFFE = {
						CreatedOnToolsVersion = 13.4;
					};
				};
			};
			buildConfigurationList = 7443B36628467A22008DCFFE /* Build configuration list for PBXProject "NalssiForecaster" */;
			compatibilityVersion = "Xcode 13.0";
			developmentRegion = en;
			hasScannedForEncodings = 0;
			knownRegions = (
				en,
				Base,
			);
			mainGroup = 7443B36228467A22008DCFFE;
			productRefGroup = 7443B36C28467A22008DCFFE /* Products */;
			projectDirPath = "";
			projectRoot = "";
			targets = (
				7443B36A28467A22008DCFFE /* NalssiForecaster */,
			);
		};
/* End PBXProject section */

/* Begin PBXResourcesBuildPhase section */
		7443B36928467A22008DCFFE /* Resources */ = {
			isa = PBXResourcesBuildPhase;
			buildActionMask = 2147483647;
			files = (
				7443B37628467A24008DCFFE /* Preview Assets.xcassets in Resources */,
				7443B37328467A24008DCFFE /* Assets.xcassets in Resources */,
			);
			runOnlyForDeploymentPostprocessing = 0;
		};
/* End PBXResourcesBuildPhase section */

/* Begin PBXSourcesBuildPhase section */
		7443B36728467A22008DCFFE /* Sources */ = {
			isa = PBXSourcesBuildPhase;
			buildActionMask = 2147483647;
			files = (
				7443B385284693CC008DCFFE /* Constants.swift in Sources */,
				7443B37128467A22008DCFFE /* ContentView.swift in Sources */,
				7443B38D2846A202008DCFFE /* TileModifier.swift in Sources */,
				7443B382284691F4008DCFFE /* WeatherViewModel.swift in Sources */,
				7443B38B2846A13D008DCFFE /* TempTextModifier.swift in Sources */,
				7443B388284695B0008DCFFE /* ColorExtension.swift in Sources */,
				7443B380284691E6008DCFFE /* Weather.swift in Sources */,
				7443B36F28467A22008DCFFE /* NalssiForecasterApp.swift in Sources */,
			);
			runOnlyForDeploymentPostprocessing = 0;
		};
/* End PBXSourcesBuildPhase section */

/* Begin XCBuildConfiguration section */
		7443B37728467A24008DCFFE /* Debug */ = {
			isa = XCBuildConfiguration;
			buildSettings = {
				ALWAYS_SEARCH_USER_PATHS = NO;
				CLANG_ANALYZER_NONNULL = YES;
				CLANG_ANALYZER_NUMBER_OBJECT_CONVERSION = YES_AGGRESSIVE;
				CLANG_CXX_LANGUAGE_STANDARD = "gnu++17";
				CLANG_ENABLE_MODULES = YES;
				CLANG_ENABLE_OBJC_ARC = YES;
				CLANG_ENABLE_OBJC_WEAK = YES;
				CLANG_WARN_BLOCK_CAPTURE_AUTORELEASING = YES;
				CLANG_WARN_BOOL_CONVERSION = YES;
				CLANG_WARN_COMMA = YES;
				CLANG_WARN_CONSTANT_CONVERSION = YES;
				CLANG_WARN_DEPRECATED_OBJC_IMPLEMENTATIONS = YES;
				CLANG_WARN_DIRECT_OBJC_ISA_USAGE = YES_ERROR;
				CLANG_WARN_DOCUMENTATION_COMMENTS = YES;
				CLANG_WARN_EMPTY_BODY = YES;
				CLANG_WARN_ENUM_CONVERSION = YES;
				CLANG_WARN_INFINITE_RECURSION = YES;
				CLANG_WARN_INT_CONVERSION = YES;
				CLANG_WARN_NON_LITERAL_NULL_CONVERSION = YES;
				CLANG_WARN_OBJC_IMPLICIT_RETAIN_SELF = YES;
				CLANG_WARN_OBJC_LITERAL_CONVERSION = YES;
				CLANG_WARN_OBJC_ROOT_CLASS = YES_ERROR;
				CLANG_WARN_QUOTED_INCLUDE_IN_FRAMEWORK_HEADER = YES;
				CLANG_WARN_RANGE_LOOP_ANALYSIS = YES;
				CLANG_WARN_STRICT_PROTOTYPES = YES;
				CLANG_WARN_SUSPICIOUS_MOVE = YES;
				CLANG_WARN_UNGUARDED_AVAILABILITY = YES_AGGRESSIVE;
				CLANG_WARN_UNREACHABLE_CODE = YES;
				CLANG_WARN__DUPLICATE_METHOD_MATCH = YES;
				COPY_PHASE_STRIP = NO;
				DEBUG_INFORMATION_FORMAT = dwarf;
				ENABLE_STRICT_OBJC_MSGSEND = YES;
				ENABLE_TESTABILITY = YES;
				GCC_C_LANGUAGE_STANDARD = gnu11;
				GCC_DYNAMIC_NO_PIC = NO;
				GCC_NO_COMMON_BLOCKS = YES;
				GCC_OPTIMIZATION_LEVEL = 0;
				GCC_PREPROCESSOR_DEFINITIONS = (
					"DEBUG=1",
					"$(inherited)",
				);
				GCC_WARN_64_TO_32_BIT_CONVERSION = YES;
				GCC_WARN_ABOUT_RETURN_TYPE = YES_ERROR;
				GCC_WARN_UNDECLARED_SELECTOR = YES;
				GCC_WARN_UNINITIALIZED_AUTOS = YES_AGGRESSIVE;
				GCC_WARN_UNUSED_FUNCTION = YES;
				GCC_WARN_UNUSED_VARIABLE = YES;
				IPHONEOS_DEPLOYMENT_TARGET = 15.5;
				MTL_ENABLE_DEBUG_INFO = INCLUDE_SOURCE;
				MTL_FAST_MATH = YES;
				ONLY_ACTIVE_ARCH = YES;
				SDKROOT = iphoneos;
				SWIFT_ACTIVE_COMPILATION_CONDITIONS = DEBUG;
				SWIFT_OPTIMIZATION_LEVEL = "-Onone";
			};
			name = Debug;
		};
		7443B37828467A24008DCFFE /* Release */ = {
			isa = XCBuildConfiguration;
			buildSettings = {
				ALWAYS_SEARCH_USER_PATHS = NO;
				CLANG_ANALYZER_NONNULL = YES;
				CLANG_ANALYZER_NUMBER_OBJECT_CONVERSION = YES_AGGRESSIVE;
				CLANG_CXX_LANGUAGE_STANDARD = "gnu++17";
				CLANG_ENABLE_MODULES = YES;
				CLANG_ENABLE_OBJC_ARC = YES;
				CLANG_ENABLE_OBJC_WEAK = YES;
				CLANG_WARN_BLOCK_CAPTURE_AUTORELEASING = YES;
				CLANG_WARN_BOOL_CONVERSION = YES;
				CLANG_WARN_COMMA = YES;
				CLANG_WARN_CONSTANT_CONVERSION = YES;
				CLANG_WARN_DEPRECATED_OBJC_IMPLEMENTATIONS = YES;
				CLANG_WARN_DIRECT_OBJC_ISA_USAGE = YES_ERROR;
				CLANG_WARN_DOCUMENTATION_COMMENTS = YES;
				CLANG_WARN_EMPTY_BODY = YES;
				CLANG_WARN_ENUM_CONVERSION = YES;
				CLANG_WARN_INFINITE_RECURSION = YES;
				CLANG_WARN_INT_CONVERSION = YES;
				CLANG_WARN_NON_LITERAL_NULL_CONVERSION = YES;
				CLANG_WARN_OBJC_IMPLICIT_RETAIN_SELF = YES;
				CLANG_WARN_OBJC_LITERAL_CONVERSION = YES;
				CLANG_WARN_OBJC_ROOT_CLASS = YES_ERROR;
				CLANG_WARN_QUOTED_INCLUDE_IN_FRAMEWORK_HEADER = YES;
				CLANG_WARN_RANGE_LOOP_ANALYSIS = YES;
				CLANG_WARN_STRICT_PROTOTYPES = YES;
				CLANG_WARN_SUSPICIOUS_MOVE = YES;
				CLANG_WARN_UNGUARDED_AVAILABILITY = YES_AGGRESSIVE;
				CLANG_WARN_UNREACHABLE_CODE = YES;
				CLANG_WARN__DUPLICATE_METHOD_MATCH = YES;
				COPY_PHASE_STRIP = NO;
				DEBUG_INFORMATION_FORMAT = "dwarf-with-dsym";
				ENABLE_NS_ASSERTIONS = NO;
				ENABLE_STRICT_OBJC_MSGSEND = YES;
				GCC_C_LANGUAGE_STANDARD = gnu11;
				GCC_NO_COMMON_BLOCKS = YES;
				GCC_WARN_64_TO_32_BIT_CONVERSION = YES;
				GCC_WARN_ABOUT_RETURN_TYPE = YES_ERROR;
				GCC_WARN_UNDECLARED_SELECTOR = YES;
				GCC_WARN_UNINITIALIZED_AUTOS = YES_AGGRESSIVE;
				GCC_WARN_UNUSED_FUNCTION = YES;
				GCC_WARN_UNUSED_VARIABLE = YES;
				IPHONEOS_DEPLOYMENT_TARGET = 15.5;
				MTL_ENABLE_DEBUG_INFO = NO;
				MTL_FAST_MATH = YES;
				SDKROOT = iphoneos;
				SWIFT_COMPILATION_MODE = wholemodule;
				SWIFT_OPTIMIZATION_LEVEL = "-O";
				VALIDATE_PRODUCT = YES;
			};
			name = Release;
		};
		7443B37A28467A24008DCFFE /* Debug */ = {
			isa = XCBuildConfiguration;
			buildSettings = {
				ASSETCATALOG_COMPILER_APPICON_NAME = AppIcon;
				ASSETCATALOG_COMPILER_GLOBAL_ACCENT_COLOR_NAME = AccentColor;
				CODE_SIGN_STYLE = Automatic;
				CURRENT_PROJECT_VERSION = 1;
				DEVELOPMENT_ASSET_PATHS = "\"NalssiForecaster/Preview Content\"";
				DEVELOPMENT_TEAM = 95Y447U3W5;
				ENABLE_PREVIEWS = YES;
				GENERATE_INFOPLIST_FILE = YES;
				INFOPLIST_KEY_UIApplicationSceneManifest_Generation = YES;
				INFOPLIST_KEY_UIApplicationSupportsIndirectInputEvents = YES;
				INFOPLIST_KEY_UILaunchScreen_Generation = YES;
				INFOPLIST_KEY_UISupportedInterfaceOrientations_iPad = "UIInterfaceOrientationPortrait UIInterfaceOrientationPortraitUpsideDown UIInterfaceOrientationLandscapeLeft UIInterfaceOrientationLandscapeRight";
				INFOPLIST_KEY_UISupportedInterfaceOrientations_iPhone = "UIInterfaceOrientationPortrait UIInterfaceOrientationLandscapeLeft UIInterfaceOrientationLandscapeRight";
				LD_RUNPATH_SEARCH_PATHS = (
					"$(inherited)",
					"@executable_path/Frameworks",
				);
				MARKETING_VERSION = 1.0;
				PRODUCT_BUNDLE_IDENTIFIER = com.kevinjeon.NalssiForecaster;
				PRODUCT_NAME = "$(TARGET_NAME)";
				SWIFT_EMIT_LOC_STRINGS = YES;
				SWIFT_VERSION = 5.0;
				TARGETED_DEVICE_FAMILY = "1,2";
			};
			name = Debug;
		};
		7443B37B28467A24008DCFFE /* Release */ = {
			isa = XCBuildConfiguration;
			buildSettings = {
				ASSETCATALOG_COMPILER_APPICON_NAME = AppIcon;
				ASSETCATALOG_COMPILER_GLOBAL_ACCENT_COLOR_NAME = AccentColor;
				CODE_SIGN_STYLE = Automatic;
				CURRENT_PROJECT_VERSION = 1;
				DEVELOPMENT_ASSET_PATHS = "\"NalssiForecaster/Preview Content\"";
				DEVELOPMENT_TEAM = 95Y447U3W5;
				ENABLE_PREVIEWS = YES;
				GENERATE_INFOPLIST_FILE = YES;
				INFOPLIST_KEY_UIApplicationSceneManifest_Generation = YES;
				INFOPLIST_KEY_UIApplicationSupportsIndirectInputEvents = YES;
				INFOPLIST_KEY_UILaunchScreen_Generation = YES;
				INFOPLIST_KEY_UISupportedInterfaceOrientations_iPad = "UIInterfaceOrientationPortrait UIInterfaceOrientationPortraitUpsideDown UIInterfaceOrientationLandscapeLeft UIInterfaceOrientationLandscapeRight";
				INFOPLIST_KEY_UISupportedInterfaceOrientations_iPhone = "UIInterfaceOrientationPortrait UIInterfaceOrientationLandscapeLeft UIInterfaceOrientationLandscapeRight";
				LD_RUNPATH_SEARCH_PATHS = (
					"$(inherited)",
					"@executable_path/Frameworks",
				);
				MARKETING_VERSION = 1.0;
				PRODUCT_BUNDLE_IDENTIFIER = com.kevinjeon.NalssiForecaster;
				PRODUCT_NAME = "$(TARGET_NAME)";
				SWIFT_EMIT_LOC_STRINGS = YES;
				SWIFT_VERSION = 5.0;
				TARGETED_DEVICE_FAMILY = "1,2";
			};
			name = Release;
		};
/* End XCBuildConfiguration section */

/* Begin XCConfigurationList section */
		7443B36628467A22008DCFFE /* Build configuration list for PBXProject "NalssiForecaster" */ = {
			isa = XCConfigurationList;
			buildConfigurations = (
				7443B37728467A24008DCFFE /* Debug */,
				7443B37828467A24008DCFFE /* Release */,
			);
			defaultConfigurationIsVisible = 0;
			defaultConfigurationName = Release;
		};
		7443B37928467A24008DCFFE /* Build configuration list for PBXNativeTarget "NalssiForecaster" */ = {
			isa = XCConfigurationList;
			buildConfigurations = (
				7443B37A28467A24008DCFFE /* Debug */,
				7443B37B28467A24008DCFFE /* Release */,
			);
			defaultConfigurationIsVisible = 0;
			defaultConfigurationName = Release;
		};
/* End XCConfigurationList section */
	};
	rootObject = 7443B36328467A22008DCFFE /* Project object */;
}
